// !$*UTF8*$!
{
	archiveVersion = 1;
	classes = {
	};
	objectVersion = 56;
	objects = {

/* Begin PBXBuildFile section */
		5251EA8A2AC2DEB400CFAD2D /* Francis_CasinoApp.swift in Sources */ = {isa = PBXBuildFile; fileRef = 5251EA892AC2DEB400CFAD2D /* Francis_CasinoApp.swift */; };
		5251EA8C2AC2DEB400CFAD2D /* ContentView.swift in Sources */ = {isa = PBXBuildFile; fileRef = 5251EA8B2AC2DEB400CFAD2D /* ContentView.swift */; };
		5251EA8E2AC2DEB600CFAD2D /* Assets.xcassets in Resources */ = {isa = PBXBuildFile; fileRef = 5251EA8D2AC2DEB600CFAD2D /* Assets.xcassets */; };
		5251EA912AC2DEB600CFAD2D /* Preview Assets.xcassets in Resources */ = {isa = PBXBuildFile; fileRef = 5251EA902AC2DEB600CFAD2D /* Preview Assets.xcassets */; };
		5251EA9B2AC2DEB600CFAD2D /* Francis_CasinoTests.swift in Sources */ = {isa = PBXBuildFile; fileRef = 5251EA9A2AC2DEB600CFAD2D /* Francis_CasinoTests.swift */; };
		5251EAA52AC2DEB600CFAD2D /* Francis_CasinoUITests.swift in Sources */ = {isa = PBXBuildFile; fileRef = 5251EAA42AC2DEB600CFAD2D /* Francis_CasinoUITests.swift */; };
		5251EAA72AC2DEB600CFAD2D /* Francis_CasinoUITestsLaunchTests.swift in Sources */ = {isa = PBXBuildFile; fileRef = 5251EAA62AC2DEB600CFAD2D /* Francis_CasinoUITestsLaunchTests.swift */; };
/* End PBXBuildFile section */

/* Begin PBXContainerItemProxy section */
		5251EA972AC2DEB600CFAD2D /* PBXContainerItemProxy */ = {
			isa = PBXContainerItemProxy;
			containerPortal = 5251EA7E2AC2DEB400CFAD2D /* Project object */;
			proxyType = 1;
			remoteGlobalIDString = 5251EA852AC2DEB400CFAD2D;
			remoteInfo = "Francis Casino";
		};
		5251EAA12AC2DEB600CFAD2D /* PBXContainerItemProxy */ = {
			isa = PBXContainerItemProxy;
			containerPortal = 5251EA7E2AC2DEB400CFAD2D /* Project object */;
			proxyType = 1;
			remoteGlobalIDString = 5251EA852AC2DEB400CFAD2D;
			remoteInfo = "Francis Casino";
		};
/* End PBXContainerItemProxy section */

/* Begin PBXFileReference section */
		5251EA862AC2DEB400CFAD2D /* Francis Casino.app */ = {isa = PBXFileReference; explicitFileType = wrapper.application; includeInIndex = 0; path = "Francis Casino.app"; sourceTree = BUILT_PRODUCTS_DIR; };
		5251EA892AC2DEB400CFAD2D /* Francis_CasinoApp.swift */ = {isa = PBXFileReference; lastKnownFileType = sourcecode.swift; path = Francis_CasinoApp.swift; sourceTree = "<group>"; };
		5251EA8B2AC2DEB400CFAD2D /* ContentView.swift */ = {isa = PBXFileReference; lastKnownFileType = sourcecode.swift; path = ContentView.swift; sourceTree = "<group>"; };
		5251EA8D2AC2DEB600CFAD2D /* Assets.xcassets */ = {isa = PBXFileReference; lastKnownFileType = folder.assetcatalog; path = Assets.xcassets; sourceTree = "<group>"; };
		5251EA902AC2DEB600CFAD2D /* Preview Assets.xcassets */ = {isa = PBXFileReference; lastKnownFileType = folder.assetcatalog; path = "Preview Assets.xcassets"; sourceTree = "<group>"; };
		5251EA962AC2DEB600CFAD2D /* Francis CasinoTests.xctest */ = {isa = PBXFileReference; explicitFileType = wrapper.cfbundle; includeInIndex = 0; path = "Francis CasinoTests.xctest"; sourceTree = BUILT_PRODUCTS_DIR; };
		5251EA9A2AC2DEB600CFAD2D /* Francis_CasinoTests.swift */ = {isa = PBXFileReference; lastKnownFileType = sourcecode.swift; path = Francis_CasinoTests.swift; sourceTree = "<group>"; };
		5251EAA02AC2DEB600CFAD2D /* Francis CasinoUITests.xctest */ = {isa = PBXFileReference; explicitFileType = wrapper.cfbundle; includeInIndex = 0; path = "Francis CasinoUITests.xctest"; sourceTree = BUILT_PRODUCTS_DIR; };
		5251EAA42AC2DEB600CFAD2D /* Francis_CasinoUITests.swift */ = {isa = PBXFileReference; lastKnownFileType = sourcecode.swift; path = Francis_CasinoUITests.swift; sourceTree = "<group>"; };
		5251EAA62AC2DEB600CFAD2D /* Francis_CasinoUITestsLaunchTests.swift */ = {isa = PBXFileReference; lastKnownFileType = sourcecode.swift; path = Francis_CasinoUITestsLaunchTests.swift; sourceTree = "<group>"; };
/* End PBXFileReference section */

/* Begin PBXFrameworksBuildPhase section */
		5251EA832AC2DEB400CFAD2D /* Frameworks */ = {
			isa = PBXFrameworksBuildPhase;
			buildActionMask = 2147483647;
			files = (
			);
			runOnlyForDeploymentPostprocessing = 0;
		};
		5251EA932AC2DEB600CFAD2D /* Frameworks */ = {
			isa = PBXFrameworksBuildPhase;
			buildActionMask = 2147483647;
			files = (
			);
			runOnlyForDeploymentPostprocessing = 0;
		};
		5251EA9D2AC2DEB600CFAD2D /* Frameworks */ = {
			isa = PBXFrameworksBuildPhase;
			buildActionMask = 2147483647;
			files = (
			);
			runOnlyForDeploymentPostprocessing = 0;
		};
/* End PBXFrameworksBuildPhase section */

/* Begin PBXGroup section */
		5251EA7D2AC2DEB400CFAD2D = {
			isa = PBXGroup;
			children = (
				5251EA882AC2DEB400CFAD2D /* Francis Casino */,
				5251EA992AC2DEB600CFAD2D /* Francis CasinoTests */,
				5251EAA32AC2DEB600CFAD2D /* Francis CasinoUITests */,
				5251EA872AC2DEB400CFAD2D /* Products */,
			);
			sourceTree = "<group>";
		};
		5251EA872AC2DEB400CFAD2D /* Products */ = {
			isa = PBXGroup;
			children = (
				5251EA862AC2DEB400CFAD2D /* Francis Casino.app */,
				5251EA962AC2DEB600CFAD2D /* Francis CasinoTests.xctest */,
				5251EAA02AC2DEB600CFAD2D /* Francis CasinoUITests.xctest */,
			);
			name = Products;
			sourceTree = "<group>";
		};
		5251EA882AC2DEB400CFAD2D /* Francis Casino */ = {
			isa = PBXGroup;
			children = (
				5251EA892AC2DEB400CFAD2D /* Francis_CasinoApp.swift */,
				5251EA8B2AC2DEB400CFAD2D /* ContentView.swift */,
				5251EA8D2AC2DEB600CFAD2D /* Assets.xcassets */,
				5251EA8F2AC2DEB600CFAD2D /* Preview Content */,
			);
			path = "Francis Casino";
			sourceTree = "<group>";
		};
		5251EA8F2AC2DEB600CFAD2D /* Preview Content */ = {
			isa = PBXGroup;
			children = (
				5251EA902AC2DEB600CFAD2D /* Preview Assets.xcassets */,
			);
			path = "Preview Content";
			sourceTree = "<group>";
		};
		5251EA992AC2DEB600CFAD2D /* Francis CasinoTests */ = {
			isa = PBXGroup;
			children = (
				5251EA9A2AC2DEB600CFAD2D /* Francis_CasinoTests.swift */,
			);
			path = "Francis CasinoTests";
			sourceTree = "<group>";
		};
		5251EAA32AC2DEB600CFAD2D /* Francis CasinoUITests */ = {
			isa = PBXGroup;
			children = (
				5251EAA42AC2DEB600CFAD2D /* Francis_CasinoUITests.swift */,
				5251EAA62AC2DEB600CFAD2D /* Francis_CasinoUITestsLaunchTests.swift */,
			);
			path = "Francis CasinoUITests";
			sourceTree = "<group>";
		};
/* End PBXGroup section */

/* Begin PBXNativeTarget section */
		5251EA852AC2DEB400CFAD2D /* Francis Casino */ = {
			isa = PBXNativeTarget;
			buildConfigurationList = 5251EAAA2AC2DEB600CFAD2D /* Build configuration list for PBXNativeTarget "Francis Casino" */;
			buildPhases = (
				5251EA822AC2DEB400CFAD2D /* Sources */,
				5251EA832AC2DEB400CFAD2D /* Frameworks */,
				5251EA842AC2DEB400CFAD2D /* Resources */,
			);
			buildRules = (
			);
			dependencies = (
			);
			name = "Francis Casino";
			productName = "Francis Casino";
			productReference = 5251EA862AC2DEB400CFAD2D /* Francis Casino.app */;
			productType = "com.apple.product-type.application";
		};
		5251EA952AC2DEB600CFAD2D /* Francis CasinoTests */ = {
			isa = PBXNativeTarget;
			buildConfigurationList = 5251EAAD2AC2DEB600CFAD2D /* Build configuration list for PBXNativeTarget "Francis CasinoTests" */;
			buildPhases = (
				5251EA922AC2DEB600CFAD2D /* Sources */,
				5251EA932AC2DEB600CFAD2D /* Frameworks */,
				5251EA942AC2DEB600CFAD2D /* Resources */,
			);
			buildRules = (
			);
			dependencies = (
				5251EA982AC2DEB600CFAD2D /* PBXTargetDependency */,
			);
			name = "Francis CasinoTests";
			productName = "Francis CasinoTests";
			productReference = 5251EA962AC2DEB600CFAD2D /* Francis CasinoTests.xctest */;
			productType = "com.apple.product-type.bundle.unit-test";
		};
		5251EA9F2AC2DEB600CFAD2D /* Francis CasinoUITests */ = {
			isa = PBXNativeTarget;
			buildConfigurationList = 5251EAB02AC2DEB600CFAD2D /* Build configuration list for PBXNativeTarget "Francis CasinoUITests" */;
			buildPhases = (
				5251EA9C2AC2DEB600CFAD2D /* Sources */,
				5251EA9D2AC2DEB600CFAD2D /* Frameworks */,
				5251EA9E2AC2DEB600CFAD2D /* Resources */,
			);
			buildRules = (
			);
			dependencies = (
				5251EAA22AC2DEB600CFAD2D /* PBXTargetDependency */,
			);
			name = "Francis CasinoUITests";
			productName = "Francis CasinoUITests";
			productReference = 5251EAA02AC2DEB600CFAD2D /* Francis CasinoUITests.xctest */;
			productType = "com.apple.product-type.bundle.ui-testing";
		};
/* End PBXNativeTarget section */

/* Begin PBXProject section */
		5251EA7E2AC2DEB400CFAD2D /* Project object */ = {
			isa = PBXProject;
			attributes = {
				BuildIndependentTargetsInParallel = 1;
				LastSwiftUpdateCheck = 1500;
				LastUpgradeCheck = 1500;
				TargetAttributes = {
					5251EA852AC2DEB400CFAD2D = {
						CreatedOnToolsVersion = 15.0;
					};
					5251EA952AC2DEB600CFAD2D = {
						CreatedOnToolsVersion = 15.0;
						TestTargetID = 5251EA852AC2DEB400CFAD2D;
					};
					5251EA9F2AC2DEB600CFAD2D = {
						CreatedOnToolsVersion = 15.0;
						TestTargetID = 5251EA852AC2DEB400CFAD2D;
					};
				};
			};
			buildConfigurationList = 5251EA812AC2DEB400CFAD2D /* Build configuration list for PBXProject "Francis Casino" */;
			compatibilityVersion = "Xcode 14.0";
			developmentRegion = en;
			hasScannedForEncodings = 0;
			knownRegions = (
				en,
				Base,
			);
			mainGroup = 5251EA7D2AC2DEB400CFAD2D;
			productRefGroup = 5251EA872AC2DEB400CFAD2D /* Products */;
			projectDirPath = "";
			projectRoot = "";
			targets = (
				5251EA852AC2DEB400CFAD2D /* Francis Casino */,
				5251EA952AC2DEB600CFAD2D /* Francis CasinoTests */,
				5251EA9F2AC2DEB600CFAD2D /* Francis CasinoUITests */,
			);
		};
/* End PBXProject section */

/* Begin PBXResourcesBuildPhase section */
		5251EA842AC2DEB400CFAD2D /* Resources */ = {
			isa = PBXResourcesBuildPhase;
			buildActionMask = 2147483647;
			files = (
				5251EA912AC2DEB600CFAD2D /* Preview Assets.xcassets in Resources */,
				5251EA8E2AC2DEB600CFAD2D /* Assets.xcassets in Resources */,
			);
			runOnlyForDeploymentPostprocessing = 0;
		};
		5251EA942AC2DEB600CFAD2D /* Resources */ = {
			isa = PBXResourcesBuildPhase;
			buildActionMask = 2147483647;
			files = (
			);
			runOnlyForDeploymentPostprocessing = 0;
		};
		5251EA9E2AC2DEB600CFAD2D /* Resources */ = {
			isa = PBXResourcesBuildPhase;
			buildActionMask = 2147483647;
			files = (
			);
			runOnlyForDeploymentPostprocessing = 0;
		};
/* End PBXResourcesBuildPhase section */

/* Begin PBXSourcesBuildPhase section */
		5251EA822AC2DEB400CFAD2D /* Sources */ = {
			isa = PBXSourcesBuildPhase;
			buildActionMask = 2147483647;
			files = (
				5251EA8C2AC2DEB400CFAD2D /* ContentView.swift in Sources */,
				5251EA8A2AC2DEB400CFAD2D /* Francis_CasinoApp.swift in Sources */,
			);
			runOnlyForDeploymentPostprocessing = 0;
		};
		5251EA922AC2DEB600CFAD2D /* Sources */ = {
			isa = PBXSourcesBuildPhase;
			buildActionMask = 2147483647;
			files = (
				5251EA9B2AC2DEB600CFAD2D /* Francis_CasinoTests.swift in Sources */,
			);
			runOnlyForDeploymentPostprocessing = 0;
		};
		5251EA9C2AC2DEB600CFAD2D /* Sources */ = {
			isa = PBXSourcesBuildPhase;
			buildActionMask = 2147483647;
			files = (
				5251EAA72AC2DEB600CFAD2D /* Francis_CasinoUITestsLaunchTests.swift in Sources */,
				5251EAA52AC2DEB600CFAD2D /* Francis_CasinoUITests.swift in Sources */,
			);
			runOnlyForDeploymentPostprocessing = 0;
		};
/* End PBXSourcesBuildPhase section */

/* Begin PBXTargetDependency section */
		5251EA982AC2DEB600CFAD2D /* PBXTargetDependency */ = {
			isa = PBXTargetDependency;
			target = 5251EA852AC2DEB400CFAD2D /* Francis Casino */;
			targetProxy = 5251EA972AC2DEB600CFAD2D /* PBXContainerItemProxy */;
		};
		5251EAA22AC2DEB600CFAD2D /* PBXTargetDependency */ = {
			isa = PBXTargetDependency;
			target = 5251EA852AC2DEB400CFAD2D /* Francis Casino */;
			targetProxy = 5251EAA12AC2DEB600CFAD2D /* PBXContainerItemProxy */;
		};
/* End PBXTargetDependency section */

/* Begin XCBuildConfiguration section */
		5251EAA82AC2DEB600CFAD2D /* Debug */ = {
			isa = XCBuildConfiguration;
			buildSettings = {
				ALWAYS_SEARCH_USER_PATHS = NO;
				ASSETCATALOG_COMPILER_GENERATE_SWIFT_ASSET_SYMBOL_EXTENSIONS = YES;
				CLANG_ANALYZER_NONNULL = YES;
				CLANG_ANALYZER_NUMBER_OBJECT_CONVERSION = YES_AGGRESSIVE;
				CLANG_CXX_LANGUAGE_STANDARD = "gnu++20";
				CLANG_ENABLE_MODULES = YES;
				CLANG_ENABLE_OBJC_ARC = YES;
				CLANG_ENABLE_OBJC_WEAK = YES;
				CLANG_WARN_BLOCK_CAPTURE_AUTORELEASING = YES;
				CLANG_WARN_BOOL_CONVERSION = YES;
				CLANG_WARN_COMMA = YES;
				CLANG_WARN_CONSTANT_CONVERSION = YES;
				CLANG_WARN_DEPRECATED_OBJC_IMPLEMENTATIONS = YES;
				CLANG_WARN_DIRECT_OBJC_ISA_USAGE = YES_ERROR;
				CLANG_WARN_DOCUMENTATION_COMMENTS = YES;
				CLANG_WARN_EMPTY_BODY = YES;
				CLANG_WARN_ENUM_CONVERSION = YES;
				CLANG_WARN_INFINITE_RECURSION = YES;
				CLANG_WARN_INT_CONVERSION = YES;
				CLANG_WARN_NON_LITERAL_NULL_CONVERSION = YES;
				CLANG_WARN_OBJC_IMPLICIT_RETAIN_SELF = YES;
				CLANG_WARN_OBJC_LITERAL_CONVERSION = YES;
				CLANG_WARN_OBJC_ROOT_CLASS = YES_ERROR;
				CLANG_WARN_QUOTED_INCLUDE_IN_FRAMEWORK_HEADER = YES;
				CLANG_WARN_RANGE_LOOP_ANALYSIS = YES;
				CLANG_WARN_STRICT_PROTOTYPES = YES;
				CLANG_WARN_SUSPICIOUS_MOVE = YES;
				CLANG_WARN_UNGUARDED_AVAILABILITY = YES_AGGRESSIVE;
				CLANG_WARN_UNREACHABLE_CODE = YES;
				CLANG_WARN__DUPLICATE_METHOD_MATCH = YES;
				COPY_PHASE_STRIP = NO;
				DEBUG_INFORMATION_FORMAT = dwarf;
				ENABLE_STRICT_OBJC_MSGSEND = YES;
				ENABLE_TESTABILITY = YES;
				ENABLE_USER_SCRIPT_SANDBOXING = YES;
				GCC_C_LANGUAGE_STANDARD = gnu17;
				GCC_DYNAMIC_NO_PIC = NO;
				GCC_NO_COMMON_BLOCKS = YES;
				GCC_OPTIMIZATION_LEVEL = 0;
				GCC_PREPROCESSOR_DEFINITIONS = (
					"DEBUG=1",
					"$(inherited)",
				);
				GCC_WARN_64_TO_32_BIT_CONVERSION = YES;
				GCC_WARN_ABOUT_RETURN_TYPE = YES_ERROR;
				GCC_WARN_UNDECLARED_SELECTOR = YES;
				GCC_WARN_UNINITIALIZED_AUTOS = YES_AGGRESSIVE;
				GCC_WARN_UNUSED_FUNCTION = YES;
				GCC_WARN_UNUSED_VARIABLE = YES;
				IPHONEOS_DEPLOYMENT_TARGET = 17.0;
				LOCALIZATION_PREFERS_STRING_CATALOGS = YES;
				MTL_ENABLE_DEBUG_INFO = INCLUDE_SOURCE;
				MTL_FAST_MATH = YES;
				ONLY_ACTIVE_ARCH = YES;
				SDKROOT = iphoneos;
				SWIFT_ACTIVE_COMPILATION_CONDITIONS = "DEBUG $(inherited)";
				SWIFT_OPTIMIZATION_LEVEL = "-Onone";
			};
			name = Debug;
		};
		5251EAA92AC2DEB600CFAD2D /* Release */ = {
			isa = XCBuildConfiguration;
			buildSettings = {
				ALWAYS_SEARCH_USER_PATHS = NO;
				ASSETCATALOG_COMPILER_GENERATE_SWIFT_ASSET_SYMBOL_EXTENSIONS = YES;
				CLANG_ANALYZER_NONNULL = YES;
				CLANG_ANALYZER_NUMBER_OBJECT_CONVERSION = YES_AGGRESSIVE;
				CLANG_CXX_LANGUAGE_STANDARD = "gnu++20";
				CLANG_ENABLE_MODULES = YES;
				CLANG_ENABLE_OBJC_ARC = YES;
				CLANG_ENABLE_OBJC_WEAK = YES;
				CLANG_WARN_BLOCK_CAPTURE_AUTORELEASING = YES;
				CLANG_WARN_BOOL_CONVERSION = YES;
				CLANG_WARN_COMMA = YES;
				CLANG_WARN_CONSTANT_CONVERSION = YES;
				CLANG_WARN_DEPRECATED_OBJC_IMPLEMENTATIONS = YES;
				CLANG_WARN_DIRECT_OBJC_ISA_USAGE = YES_ERROR;
				CLANG_WARN_DOCUMENTATION_COMMENTS = YES;
				CLANG_WARN_EMPTY_BODY = YES;
				CLANG_WARN_ENUM_CONVERSION = YES;
				CLANG_WARN_INFINITE_RECURSION = YES;
				CLANG_WARN_INT_CONVERSION = YES;
				CLANG_WARN_NON_LITERAL_NULL_CONVERSION = YES;
				CLANG_WARN_OBJC_IMPLICIT_RETAIN_SELF = YES;
				CLANG_WARN_OBJC_LITERAL_CONVERSION = YES;
				CLANG_WARN_OBJC_ROOT_CLASS = YES_ERROR;
				CLANG_WARN_QUOTED_INCLUDE_IN_FRAMEWORK_HEADER = YES;
				CLANG_WARN_RANGE_LOOP_ANALYSIS = YES;
				CLANG_WARN_STRICT_PROTOTYPES = YES;
				CLANG_WARN_SUSPICIOUS_MOVE = YES;
				CLANG_WARN_UNGUARDED_AVAILABILITY = YES_AGGRESSIVE;
				CLANG_WARN_UNREACHABLE_CODE = YES;
				CLANG_WARN__DUPLICATE_METHOD_MATCH = YES;
				COPY_PHASE_STRIP = NO;
				DEBUG_INFORMATION_FORMAT = "dwarf-with-dsym";
				ENABLE_NS_ASSERTIONS = NO;
				ENABLE_STRICT_OBJC_MSGSEND = YES;
				ENABLE_USER_SCRIPT_SANDBOXING = YES;
				GCC_C_LANGUAGE_STANDARD = gnu17;
				GCC_NO_COMMON_BLOCKS = YES;
				GCC_WARN_64_TO_32_BIT_CONVERSION = YES;
				GCC_WARN_ABOUT_RETURN_TYPE = YES_ERROR;
				GCC_WARN_UNDECLARED_SELECTOR = YES;
				GCC_WARN_UNINITIALIZED_AUTOS = YES_AGGRESSIVE;
				GCC_WARN_UNUSED_FUNCTION = YES;
				GCC_WARN_UNUSED_VARIABLE = YES;
				IPHONEOS_DEPLOYMENT_TARGET = 17.0;
				LOCALIZATION_PREFERS_STRING_CATALOGS = YES;
				MTL_ENABLE_DEBUG_INFO = NO;
				MTL_FAST_MATH = YES;
				SDKROOT = iphoneos;
				SWIFT_COMPILATION_MODE = wholemodule;
				VALIDATE_PRODUCT = YES;
			};
			name = Release;
		};
		5251EAAB2AC2DEB600CFAD2D /* Debug */ = {
			isa = XCBuildConfiguration;
			buildSettings = {
				ASSETCATALOG_COMPILER_APPICON_NAME = AppIcon;
				ASSETCATALOG_COMPILER_GLOBAL_ACCENT_COLOR_NAME = AccentColor;
				CODE_SIGN_STYLE = Automatic;
				CURRENT_PROJECT_VERSION = 1;
				DEVELOPMENT_ASSET_PATHS = "\"Francis Casino/Preview Content\"";
				DEVELOPMENT_TEAM = PY6GKJAFUQ;
				ENABLE_PREVIEWS = YES;
				GENERATE_INFOPLIST_FILE = YES;
				INFOPLIST_KEY_UIApplicationSceneManifest_Generation = YES;
				INFOPLIST_KEY_UIApplicationSupportsIndirectInputEvents = YES;
				INFOPLIST_KEY_UILaunchScreen_Generation = YES;
				INFOPLIST_KEY_UISupportedInterfaceOrientations_iPad = "UIInterfaceOrientationPortrait UIInterfaceOrientationPortraitUpsideDown UIInterfaceOrientationLandscapeLeft UIInterfaceOrientationLandscapeRight";
				INFOPLIST_KEY_UISupportedInterfaceOrientations_iPhone = "UIInterfaceOrientationPortrait UIInterfaceOrientationLandscapeLeft UIInterfaceOrientationLandscapeRight";
				LD_RUNPATH_SEARCH_PATHS = (
					"$(inherited)",
					"@executable_path/Frameworks",
				);
				MARKETING_VERSION = 1.0;
				PRODUCT_BUNDLE_IDENTIFIER = "com.jf.Francis-Casino";
				PRODUCT_NAME = "$(TARGET_NAME)";
				SWIFT_EMIT_LOC_STRINGS = YES;
				SWIFT_VERSION = 5.0;
				TARGETED_DEVICE_FAMILY = "1,2";
			};
			name = Debug;
		};
		5251EAAC2AC2DEB600CFAD2D /* Release */ = {
			isa = XCBuildConfiguration;
			buildSettings = {
				ASSETCATALOG_COMPILER_APPICON_NAME = AppIcon;
				ASSETCATALOG_COMPILER_GLOBAL_ACCENT_COLOR_NAME = AccentColor;
				CODE_SIGN_STYLE = Automatic;
				CURRENT_PROJECT_VERSION = 1;
				DEVELOPMENT_ASSET_PATHS = "\"Francis Casino/Preview Content\"";
				DEVELOPMENT_TEAM = PY6GKJAFUQ;
				ENABLE_PREVIEWS = YES;
				GENERATE_INFOPLIST_FILE = YES;
				INFOPLIST_KEY_UIApplicationSceneManifest_Generation = YES;
				INFOPLIST_KEY_UIApplicationSupportsIndirectInputEvents = YES;
				INFOPLIST_KEY_UILaunchScreen_Generation = YES;
				INFOPLIST_KEY_UISupportedInterfaceOrientations_iPad = "UIInterfaceOrientationPortrait UIInterfaceOrientationPortraitUpsideDown UIInterfaceOrientationLandscapeLeft UIInterfaceOrientationLandscapeRight";
				INFOPLIST_KEY_UISupportedInterfaceOrientations_iPhone = "UIInterfaceOrientationPortrait UIInterfaceOrientationLandscapeLeft UIInterfaceOrientationLandscapeRight";
				LD_RUNPATH_SEARCH_PATHS = (
					"$(inherited)",
					"@executable_path/Frameworks",
				);
				MARKETING_VERSION = 1.0;
				PRODUCT_BUNDLE_IDENTIFIER = "com.jf.Francis-Casino";
				PRODUCT_NAME = "$(TARGET_NAME)";
				SWIFT_EMIT_LOC_STRINGS = YES;
				SWIFT_VERSION = 5.0;
				TARGETED_DEVICE_FAMILY = "1,2";
			};
			name = Release;
		};
		5251EAAE2AC2DEB600CFAD2D /* Debug */ = {
			isa = XCBuildConfiguration;
			buildSettings = {
				ALWAYS_EMBED_SWIFT_STANDARD_LIBRARIES = YES;
				BUNDLE_LOADER = "$(TEST_HOST)";
				CODE_SIGN_STYLE = Automatic;
				CURRENT_PROJECT_VERSION = 1;
				DEVELOPMENT_TEAM = PY6GKJAFUQ;
				GENERATE_INFOPLIST_FILE = YES;
				IPHONEOS_DEPLOYMENT_TARGET = 17.0;
				MARKETING_VERSION = 1.0;
				PRODUCT_BUNDLE_IDENTIFIER = "com.jf.Francis-CasinoTests";
				PRODUCT_NAME = "$(TARGET_NAME)";
				SWIFT_EMIT_LOC_STRINGS = NO;
				SWIFT_VERSION = 5.0;
				TARGETED_DEVICE_FAMILY = "1,2";
				TEST_HOST = "$(BUILT_PRODUCTS_DIR)/Francis Casino.app/$(BUNDLE_EXECUTABLE_FOLDER_PATH)/Francis Casino";
			};
			name = Debug;
		};
		5251EAAF2AC2DEB600CFAD2D /* Release */ = {
			isa = XCBuildConfiguration;
			buildSettings = {
				ALWAYS_EMBED_SWIFT_STANDARD_LIBRARIES = YES;
				BUNDLE_LOADER = "$(TEST_HOST)";
				CODE_SIGN_STYLE = Automatic;
				CURRENT_PROJECT_VERSION = 1;
				DEVELOPMENT_TEAM = PY6GKJAFUQ;
				GENERATE_INFOPLIST_FILE = YES;
				IPHONEOS_DEPLOYMENT_TARGET = 17.0;
				MARKETING_VERSION = 1.0;
				PRODUCT_BUNDLE_IDENTIFIER = "com.jf.Francis-CasinoTests";
				PRODUCT_NAME = "$(TARGET_NAME)";
				SWIFT_EMIT_LOC_STRINGS = NO;
				SWIFT_VERSION = 5.0;
				TARGETED_DEVICE_FAMILY = "1,2";
				TEST_HOST = "$(BUILT_PRODUCTS_DIR)/Francis Casino.app/$(BUNDLE_EXECUTABLE_FOLDER_PATH)/Francis Casino";
			};
			name = Release;
		};
		5251EAB12AC2DEB600CFAD2D /* Debug */ = {
			isa = XCBuildConfiguration;
			buildSettings = {
				ALWAYS_EMBED_SWIFT_STANDARD_LIBRARIES = YES;
				CODE_SIGN_STYLE = Automatic;
				CURRENT_PROJECT_VERSION = 1;
				DEVELOPMENT_TEAM = PY6GKJAFUQ;
				GENERATE_INFOPLIST_FILE = YES;
				MARKETING_VERSION = 1.0;
				PRODUCT_BUNDLE_IDENTIFIER = "com.jf.Francis-CasinoUITests";
				PRODUCT_NAME = "$(TARGET_NAME)";
				SWIFT_EMIT_LOC_STRINGS = NO;
				SWIFT_VERSION = 5.0;
				TARGETED_DEVICE_FAMILY = "1,2";
				TEST_TARGET_NAME = "Francis Casino";
			};
			name = Debug;
		};
		5251EAB22AC2DEB600CFAD2D /* Release */ = {
			isa = XCBuildConfiguration;
			buildSettings = {
				ALWAYS_EMBED_SWIFT_STANDARD_LIBRARIES = YES;
				CODE_SIGN_STYLE = Automatic;
				CURRENT_PROJECT_VERSION = 1;
				DEVELOPMENT_TEAM = PY6GKJAFUQ;
				GENERATE_INFOPLIST_FILE = YES;
				MARKETING_VERSION = 1.0;
				PRODUCT_BUNDLE_IDENTIFIER = "com.jf.Francis-CasinoUITests";
				PRODUCT_NAME = "$(TARGET_NAME)";
				SWIFT_EMIT_LOC_STRINGS = NO;
				SWIFT_VERSION = 5.0;
				TARGETED_DEVICE_FAMILY = "1,2";
				TEST_TARGET_NAME = "Francis Casino";
			};
			name = Release;
		};
/* End XCBuildConfiguration section */

/* Begin XCConfigurationList section */
		5251EA812AC2DEB400CFAD2D /* Build configuration list for PBXProject "Francis Casino" */ = {
			isa = XCConfigurationList;
			buildConfigurations = (
				5251EAA82AC2DEB600CFAD2D /* Debug */,
				5251EAA92AC2DEB600CFAD2D /* Release */,
			);
			defaultConfigurationIsVisible = 0;
			defaultConfigurationName = Release;
		};
		5251EAAA2AC2DEB600CFAD2D /* Build configuration list for PBXNativeTarget "Francis Casino" */ = {
			isa = XCConfigurationList;
			buildConfigurations = (
				5251EAAB2AC2DEB600CFAD2D /* Debug */,
				5251EAAC2AC2DEB600CFAD2D /* Release */,
			);
			defaultConfigurationIsVisible = 0;
			defaultConfigurationName = Release;
		};
		5251EAAD2AC2DEB600CFAD2D /* Build configuration list for PBXNativeTarget "Francis CasinoTests" */ = {
			isa = XCConfigurationList;
			buildConfigurations = (
				5251EAAE2AC2DEB600CFAD2D /* Debug */,
				5251EAAF2AC2DEB600CFAD2D /* Release */,
			);
			defaultConfigurationIsVisible = 0;
			defaultConfigurationName = Release;
		};
		5251EAB02AC2DEB600CFAD2D /* Build configuration list for PBXNativeTarget "Francis CasinoUITests" */ = {
			isa = XCConfigurationList;
			buildConfigurations = (
				5251EAB12AC2DEB600CFAD2D /* Debug */,
				5251EAB22AC2DEB600CFAD2D /* Release */,
			);
			defaultConfigurationIsVisible = 0;
			defaultConfigurationName = Release;
		};
/* End XCConfigurationList section */
	};
	rootObject = 5251EA7E2AC2DEB400CFAD2D /* Project object */;
}
